<?xml version="1.0" encoding="utf-8"?>
<Project ToolsVersion="4.0" xmlns="http://schemas.microsoft.com/developer/msbuild/2003">
  <ItemGroup>
    <Filter Include="Engine">
      <UniqueIdentifier>{225a619e-ab36-401f-86c1-589097cb6999}</UniqueIdentifier>
    </Filter>
    <Filter Include="Engine\Graphics">
      <UniqueIdentifier>{86d4d69b-ba34-4e5f-9f40-6c69667aab17}</UniqueIdentifier>
    </Filter>
    <Filter Include="Engine\States">
      <UniqueIdentifier>{078de3a1-a125-4422-b5db-ed1a03ceb526}</UniqueIdentifier>
    </Filter>
    <Filter Include="Engine\Utility">
      <UniqueIdentifier>{89f17088-d5bb-4c1c-ac26-25e8145e72e6}</UniqueIdentifier>
    </Filter>
    <Filter Include="Game">
      <UniqueIdentifier>{4f16b2e8-2c6c-4ac3-b323-effe84fe2075}</UniqueIdentifier>
    </Filter>
    <Filter Include="Game\States">
      <UniqueIdentifier>{641586bc-fec1-4e46-83cc-cf36d73db7f2}</UniqueIdentifier>
    </Filter>
    <Filter Include="Game\Data">
      <UniqueIdentifier>{9950e157-8575-4c2e-847e-1a4dcdf65071}</UniqueIdentifier>
    </Filter>
    <Filter Include="Engine\Physics">
      <UniqueIdentifier>{a738b83e-d744-477f-893b-70a60bf26854}</UniqueIdentifier>
    </Filter>
    <Filter Include="CoreSystems">
      <UniqueIdentifier>{2fca18b2-b3cc-45e5-98b6-ca1b00fd0375}</UniqueIdentifier>
    </Filter>
    <Filter Include="CoreSystems\Assertions">
      <UniqueIdentifier>{bbefb163-24e2-4057-be2b-34d34ed93655}</UniqueIdentifier>
    </Filter>
    <Filter Include="CoreSystems\Logging">
      <UniqueIdentifier>{2ac704f4-30e1-4f4f-ae0c-8d12e9b172ed}</UniqueIdentifier>
    </Filter>
    <Filter Include="CoreSystems\Parsers">
      <UniqueIdentifier>{cf486192-842a-4554-8499-894bc436dda0}</UniqueIdentifier>
    </Filter>
    <Filter Include="Platform">
      <UniqueIdentifier>{9666506f-f6e8-4f4a-bb9e-b1aa190399d1}</UniqueIdentifier>
    </Filter>
    <Filter Include="Platform\FileSystem">
      <UniqueIdentifier>{05bc563a-cae5-40fa-939f-a59c4702920c}</UniqueIdentifier>
    </Filter>
    <Filter Include="Platform\Window">
      <UniqueIdentifier>{00016db2-7c6c-4781-a3d7-8aea7541f495}</UniqueIdentifier>
    </Filter>
    <Filter Include="Resources">
      <UniqueIdentifier>{7772ac21-a914-465d-9f82-2991fe68a1e0}</UniqueIdentifier>
    </Filter>
    <Filter Include="Platform\Strings">
      <UniqueIdentifier>{eed3f263-1887-4c9b-923e-65d53f35366a}</UniqueIdentifier>
    </Filter>
    <Filter Include="Platform\Collections">
      <UniqueIdentifier>{a8ef5bf0-9e4b-469c-a777-8494a22bffa1}</UniqueIdentifier>
    </Filter>
    <Filter Include="CoreSystems\Memory">
      <UniqueIdentifier>{e32afa7c-4f90-43be-82a3-0d0d482a9dee}</UniqueIdentifier>
    </Filter>
    <Filter Include="Platform\VirtualMemory">
      <UniqueIdentifier>{8c88d59b-6248-47a1-998c-6e05f2ca2952}</UniqueIdentifier>
    </Filter>
    <Filter Include="Platform\PlatformDetection">
      <UniqueIdentifier>{152a45d6-7fa4-4383-80f3-0a8126557eea}</UniqueIdentifier>
    </Filter>
    <Filter Include="CoreSystems\Parsers\Images">
      <UniqueIdentifier>{82376cd0-463f-46b9-abd2-c4aa7349f761}</UniqueIdentifier>
    </Filter>
  </ItemGroup>
  <ItemGroup>
    <ClInclude Include="Graphics.h">
      <Filter>Engine\Graphics</Filter>
    </ClInclude>
    <ClInclude Include="WindowManager.h">
      <Filter>Platform\Window</Filter>
    </ClInclude>
    <ClInclude Include="InputManager.h">
      <Filter>Platform\Window</Filter>
    </ClInclude>
    <ClInclude Include="GameStateMachine.h">
      <Filter>Engine\States</Filter>
    </ClInclude>
    <ClInclude Include="Texture.h">
      <Filter>Resources</Filter>
    </ClInclude>
    <ClInclude Include="TileSet.h">
      <Filter>Resources</Filter>
    </ClInclude>
    <ClInclude Include="Font.h">
      <Filter>Resources</Filter>
    </ClInclude>
    <ClInclude Include="TileMap.h">
      <Filter>Resources</Filter>
    </ClInclude>
    <ClInclude Include="Camera.h">
      <Filter>Engine</Filter>
    </ClInclude>
    <ClInclude Include="AllGameData.h">
      <Filter>Game</Filter>
    </ClInclude>
    <ClInclude Include="BootState.h">
      <Filter>Game\States</Filter>
    </ClInclude>
    <ClInclude Include="LocalMapState.h">
      <Filter>Game\States</Filter>
    </ClInclude>
    <ClInclude Include="LocalMapData.h">
      <Filter>Game\Data</Filter>
    </ClInclude>
    <ClInclude Include="Assert.h">
      <Filter>CoreSystems\Assertions</Filter>
    </ClInclude>
    <ClInclude Include="Log.h">
      <Filter>CoreSystems\Logging</Filter>
    </ClInclude>
    <ClInclude Include="Utility.h">
      <Filter>Platform\FileSystem</Filter>
    </ClInclude>
    <ClInclude Include="TextureManager.h">
      <Filter>Resources</Filter>
    </ClInclude>
    <ClInclude Include="Sprite.h">
      <Filter>Resources</Filter>
    </ClInclude>
    <ClInclude Include="Path.h">
      <Filter>Platform\FileSystem</Filter>
    </ClInclude>
    <ClInclude Include="LinearAllocator.h">
      <Filter>CoreSystems\Memory</Filter>
    </ClInclude>
    <ClInclude Include="SystemInfo.h">
      <Filter>Platform\PlatformDetection</Filter>
    </ClInclude>
    <ClInclude Include="VirtualMemory.h">
      <Filter>Platform\VirtualMemory</Filter>
    </ClInclude>
    <ClInclude Include="PngImage.h">
      <Filter>CoreSystems\Parsers\Images</Filter>
    </ClInclude>
    <ClInclude Include="File.h">
      <Filter>Platform\FileSystem</Filter>
    </ClInclude>
    <ClInclude Include="ScopeStack.h">
      <Filter>CoreSystems\Memory</Filter>
    </ClInclude>
    <ClInclude Include="PointerUtils.h">
      <Filter>CoreSystems\Memory</Filter>
    </ClInclude>
  </ItemGroup>
  <ItemGroup>
    <ClCompile Include="Main.cpp" />
    <ClCompile Include="Graphics.cpp">
      <Filter>Engine\Graphics</Filter>
    </ClCompile>
    <ClCompile Include="WindowManager.cpp">
      <Filter>Platform\Window</Filter>
    </ClCompile>
    <ClCompile Include="InputManager.cpp">
      <Filter>Platform\Window</Filter>
    </ClCompile>
    <ClCompile Include="GameStateMachine.cpp">
      <Filter>Engine\States</Filter>
    </ClCompile>
    <ClCompile Include="Texture.cpp">
      <Filter>Resources</Filter>
    </ClCompile>
    <ClCompile Include="TileSet.cpp">
      <Filter>Resources</Filter>
    </ClCompile>
    <ClCompile Include="Font.cpp">
      <Filter>Resources</Filter>
    </ClCompile>
    <ClCompile Include="TileMap.cpp">
      <Filter>Resources</Filter>
    </ClCompile>
    <ClCompile Include="Camera.cpp">
      <Filter>Engine</Filter>
    </ClCompile>
    <ClCompile Include="BootState.cpp">
      <Filter>Game\States</Filter>
    </ClCompile>
    <ClCompile Include="LocalMapState.cpp">
      <Filter>Game\States</Filter>
    </ClCompile>
    <ClCompile Include="AllGameData.cpp">
      <Filter>Game</Filter>
    </ClCompile>
    <ClCompile Include="LocalMapData.cpp">
      <Filter>Game\Data</Filter>
    </ClCompile>
    <ClCompile Include="Log.cpp">
      <Filter>CoreSystems\Logging</Filter>
    </ClCompile>
    <ClCompile Include="Utility.cpp">
      <Filter>Platform\FileSystem</Filter>
    </ClCompile>
    <ClCompile Include="TextureManager.cpp">
      <Filter>Resources</Filter>
    </ClCompile>
    <ClCompile Include="Sprite.cpp">
      <Filter>Resources</Filter>
    </ClCompile>
    <ClCompile Include="LinearAllocator.cpp">
      <Filter>CoreSystems\Memory</Filter>
    </ClCompile>
    <ClCompile Include="SystemInfo.cpp">
      <Filter>Platform\PlatformDetection</Filter>
    </ClCompile>
    <ClCompile Include="VirtualMemory.cpp">
      <Filter>Platform\VirtualMemory</Filter>
    </ClCompile>
    <ClCompile Include="File.cpp">
      <Filter>Platform\FileSystem</Filter>
    </ClCompile>
    <ClCompile Include="ScopeStack.cpp">
      <Filter>CoreSystems\Memory</Filter>
    </ClCompile>
  </ItemGroup>
</Project>