<?xml version="1.0" encoding="utf-8"?>
<Project ToolsVersion="4.0" xmlns="http://schemas.microsoft.com/developer/msbuild/2003">
  <ItemGroup>
    <Filter Include="Engine">
      <UniqueIdentifier>{225a619e-ab36-401f-86c1-589097cb6999}</UniqueIdentifier>
    </Filter>
    <Filter Include="Engine\Graphics">
      <UniqueIdentifier>{86d4d69b-ba34-4e5f-9f40-6c69667aab17}</UniqueIdentifier>
    </Filter>
    <Filter Include="Engine\Resources">
      <UniqueIdentifier>{7772ac21-a914-465d-9f82-2991fe68a1e0}</UniqueIdentifier>
    </Filter>
    <Filter Include="Engine\States">
      <UniqueIdentifier>{078de3a1-a125-4422-b5db-ed1a03ceb526}</UniqueIdentifier>
    </Filter>
    <Filter Include="Engine\Utility">
      <UniqueIdentifier>{89f17088-d5bb-4c1c-ac26-25e8145e72e6}</UniqueIdentifier>
    </Filter>
    <Filter Include="Engine\Window">
      <UniqueIdentifier>{00016db2-7c6c-4781-a3d7-8aea7541f495}</UniqueIdentifier>
    </Filter>
    <Filter Include="Game">
      <UniqueIdentifier>{4f16b2e8-2c6c-4ac3-b323-effe84fe2075}</UniqueIdentifier>
    </Filter>
    <Filter Include="Engine\Data">
      <UniqueIdentifier>{508c702d-ba7f-4dcb-bf2a-7850b0c0ae59}</UniqueIdentifier>
    </Filter>
    <Filter Include="Engine\Data\Maps">
      <UniqueIdentifier>{8e45a87b-76fa-45dd-959b-5d658c0c0512}</UniqueIdentifier>
    </Filter>
    <Filter Include="Engine\Data\Characters">
      <UniqueIdentifier>{7ca7f81a-265d-4b2d-93f5-2420a5c0628f}</UniqueIdentifier>
    </Filter>
    <Filter Include="Engine\Data\Player">
      <UniqueIdentifier>{54b42e82-7800-49b7-9b9d-3ae45345b26f}</UniqueIdentifier>
    </Filter>
    <Filter Include="Game\States">
      <UniqueIdentifier>{641586bc-fec1-4e46-83cc-cf36d73db7f2}</UniqueIdentifier>
    </Filter>
    <Filter Include="Game\Data">
      <UniqueIdentifier>{9950e157-8575-4c2e-847e-1a4dcdf65071}</UniqueIdentifier>
    </Filter>
    <Filter Include="Engine\Physics">
      <UniqueIdentifier>{a738b83e-d744-477f-893b-70a60bf26854}</UniqueIdentifier>
    </Filter>
  </ItemGroup>
  <ItemGroup>
    <ClInclude Include="Assert.h">
      <Filter>Engine\Utility</Filter>
    </ClInclude>
    <ClInclude Include="Engine.h">
      <Filter>Engine</Filter>
    </ClInclude>
    <ClInclude Include="Graphics.h">
      <Filter>Engine\Graphics</Filter>
    </ClInclude>
    <ClInclude Include="WindowManager.h">
      <Filter>Engine\Window</Filter>
    </ClInclude>
    <ClInclude Include="Singleton.h">
      <Filter>Engine\Utility</Filter>
    </ClInclude>
    <ClInclude Include="Log.h">
      <Filter>Engine\Utility</Filter>
    </ClInclude>
    <ClInclude Include="InputManager.h">
      <Filter>Engine\Window</Filter>
    </ClInclude>
    <ClInclude Include="Utility.h">
      <Filter>Engine\Utility</Filter>
    </ClInclude>
    <ClInclude Include="GameStateMachine.h">
      <Filter>Engine\States</Filter>
    </ClInclude>
    <ClInclude Include="EntityData.h">
      <Filter>Engine\Data\Characters</Filter>
    </ClInclude>
    <ClInclude Include="Texture.h">
      <Filter>Engine\Resources</Filter>
    </ClInclude>
    <ClInclude Include="TileSet.h">
      <Filter>Engine\Resources</Filter>
    </ClInclude>
    <ClInclude Include="Font.h">
      <Filter>Engine\Resources</Filter>
    </ClInclude>
    <ClInclude Include="TileMap.h">
      <Filter>Engine\Resources</Filter>
    </ClInclude>
    <ClInclude Include="Grid.h">
      <Filter>Engine\Utility</Filter>
    </ClInclude>
    <ClInclude Include="Camera.h">
      <Filter>Engine</Filter>
    </ClInclude>
    <ClInclude Include="TileRenderer.h">
      <Filter>Engine\Graphics</Filter>
    </ClInclude>
    <ClInclude Include="PlayerData.h">
      <Filter>Engine\Data\Player</Filter>
    </ClInclude>
    <ClInclude Include="AllGameData.h">
      <Filter>Game</Filter>
    </ClInclude>
    <ClInclude Include="BootState.h">
      <Filter>Game\States</Filter>
    </ClInclude>
    <ClInclude Include="LocalMapState.h">
      <Filter>Game\States</Filter>
    </ClInclude>
    <ClInclude Include="LocalMapData.h">
      <Filter>Game\Data</Filter>
    </ClInclude>
    <ClInclude Include="TextureManager.h">
      <Filter>Engine\Graphics</Filter>
    </ClInclude>
    <ClInclude Include="Sprite.h">
      <Filter>Engine\Data\Characters</Filter>
    </ClInclude>
  </ItemGroup>
  <ItemGroup>
    <ClCompile Include="Main.cpp" />
    <ClCompile Include="Engine.cpp">
      <Filter>Engine</Filter>
    </ClCompile>
    <ClCompile Include="Graphics.cpp">
      <Filter>Engine\Graphics</Filter>
    </ClCompile>
    <ClCompile Include="WindowManager.cpp">
      <Filter>Engine\Window</Filter>
    </ClCompile>
    <ClCompile Include="Log.cpp">
      <Filter>Engine\Utility</Filter>
    </ClCompile>
    <ClCompile Include="InputManager.cpp">
      <Filter>Engine\Window</Filter>
    </ClCompile>
    <ClCompile Include="Utility.cpp">
      <Filter>Engine\Utility</Filter>
    </ClCompile>
    <ClCompile Include="GameStateMachine.cpp">
      <Filter>Engine\States</Filter>
    </ClCompile>
    <ClCompile Include="EntityData.cpp">
      <Filter>Engine\Data\Characters</Filter>
    </ClCompile>
    <ClCompile Include="Texture.cpp">
      <Filter>Engine\Resources</Filter>
    </ClCompile>
    <ClCompile Include="TileSet.cpp">
      <Filter>Engine\Resources</Filter>
    </ClCompile>
    <ClCompile Include="Font.cpp">
      <Filter>Engine\Resources</Filter>
    </ClCompile>
    <ClCompile Include="TileMap.cpp">
      <Filter>Engine\Resources</Filter>
    </ClCompile>
    <ClCompile Include="Camera.cpp">
      <Filter>Engine</Filter>
    </ClCompile>
    <ClCompile Include="BootState.cpp">
      <Filter>Game\States</Filter>
    </ClCompile>
    <ClCompile Include="LocalMapState.cpp">
      <Filter>Game\States</Filter>
    </ClCompile>
    <ClCompile Include="AllGameData.cpp">
      <Filter>Game</Filter>
    </ClCompile>
    <ClCompile Include="LocalMapData.cpp">
      <Filter>Game\Data</Filter>
    </ClCompile>
    <ClCompile Include="TextureManager.cpp">
      <Filter>Engine\Graphics</Filter>
    </ClCompile>
    <ClCompile Include="Sprite.cpp">
      <Filter>Engine\Data\Characters</Filter>
    </ClCompile>
  </ItemGroup>
</Project>